
Microsoft Visual Studio Solution File, Format Version 12.00
# Visual Studio Version 17
VisualStudioVersion = 17.13.35828.75
MinimumVisualStudioVersion = 10.0.40219.1
Project("{FAE04EC0-301F-11D3-BF4B-00C04F79EFBC}") = "LightEditor2.Core", "LightEditor2.Core\LightEditor2.Core.csproj", "{1EB1CD86-0EA6-489B-8327-980975B6FAA7}"
EndProject
Project("{FAE04EC0-301F-11D3-BF4B-00C04F79EFBC}") = "LightEditor2.RazorLib", "LightEditor2.RazorLib\LightEditor2.RazorLib.csproj", "{C964CFF0-D8FA-46EB-A1D2-5A1FBB0F98DF}"
EndProject
Project("{FAE04EC0-301F-11D3-BF4B-00C04F79EFBC}") = "LightEditor2.Maui", "LightEditor2.Maui\LightEditor2.Maui.csproj", "{2D566B03-EA24-41F7-A2AE-539A3D71437B}"
EndProject
Global
	GlobalSection(SolutionConfigurationPlatforms) = preSolution
		Debug|Any CPU = Debug|Any CPU
		Release|Any CPU = Release|Any CPU
		test|Any CPU = test|Any CPU
	EndGlobalSection
	GlobalSection(ProjectConfigurationPlatforms) = postSolution
		{1EB1CD86-0EA6-489B-8327-980975B6FAA7}.Debug|Any CPU.ActiveCfg = Debug|Any CPU
		{1EB1CD86-0EA6-489B-8327-980975B6FAA7}.Debug|Any CPU.Build.0 = Debug|Any CPU
		{1EB1CD86-0EA6-489B-8327-980975B6FAA7}.Release|Any CPU.ActiveCfg = Release|Any CPU
		{1EB1CD86-0EA6-489B-8327-980975B6FAA7}.Release|Any CPU.Build.0 = Release|Any CPU
		{1EB1CD86-0EA6-489B-8327-980975B6FAA7}.test|Any CPU.ActiveCfg = test|Any CPU
		{1EB1CD86-0EA6-489B-8327-980975B6FAA7}.test|Any CPU.Build.0 = test|Any CPU
		{C964CFF0-D8FA-46EB-A1D2-5A1FBB0F98DF}.Debug|Any CPU.ActiveCfg = Debug|Any CPU
		{C964CFF0-D8FA-46EB-A1D2-5A1FBB0F98DF}.Debug|Any CPU.Build.0 = Debug|Any CPU
		{C964CFF0-D8FA-46EB-A1D2-5A1FBB0F98DF}.Release|Any CPU.ActiveCfg = Release|Any CPU
		{C964CFF0-D8FA-46EB-A1D2-5A1FBB0F98DF}.Release|Any CPU.Build.0 = Release|Any CPU
		{C964CFF0-D8FA-46EB-A1D2-5A1FBB0F98DF}.test|Any CPU.ActiveCfg = Release|Any CPU
		{C964CFF0-D8FA-46EB-A1D2-5A1FBB0F98DF}.test|Any CPU.Build.0 = Release|Any CPU
		{2D566B03-EA24-41F7-A2AE-539A3D71437B}.Debug|Any CPU.ActiveCfg = Debug|Any CPU
		{2D566B03-EA24-41F7-A2AE-539A3D71437B}.Debug|Any CPU.Build.0 = Debug|Any CPU
		{2D566B03-EA24-41F7-A2AE-539A3D71437B}.Debug|Any CPU.Deploy.0 = Debug|Any CPU
		{2D566B03-EA24-41F7-A2AE-539A3D71437B}.Release|Any CPU.ActiveCfg = Release|Any CPU
		{2D566B03-EA24-41F7-A2AE-539A3D71437B}.Release|Any CPU.Build.0 = Release|Any CPU
		{2D566B03-EA24-41F7-A2AE-539A3D71437B}.Release|Any CPU.Deploy.0 = Release|Any CPU
		{2D566B03-EA24-41F7-A2AE-539A3D71437B}.test|Any CPU.ActiveCfg = test|Any CPU
		{2D566B03-EA24-41F7-A2AE-539A3D71437B}.test|Any CPU.Build.0 = test|Any CPU
		{2D566B03-EA24-41F7-A2AE-539A3D71437B}.test|Any CPU.Deploy.0 = test|Any CPU
	EndGlobalSection
	GlobalSection(SolutionProperties) = preSolution
		HideSolutionNode = FALSE
	EndGlobalSection
	GlobalSection(ExtensibilityGlobals) = postSolution
		SolutionGuid = {F7B7AF72-F91F-4B87-8889-32E418C9B615}
	EndGlobalSection
EndGlobal
